{
  "originHash" : "4d523185ec46cc9455f8b534b9a70313265a30d574f02470bbb7f544fe461800",
  "pins" : [
    {
      "identity" : "capacitor-swift-pm",
      "kind" : "remoteSourceControl",
      "location" : "https://github.com/ionic-team/capacitor-swift-pm.git",
      "state" : {
        "revision" : "596259033e94829dffc552a40e7129262122995e",
        "version" : "8.0.0"
      }
    },
    {
      "identity" : "transistor-background-fetch",
      "kind" : "remoteSourceControl",
      "location" : "https://github.com/transistorsoft/transistor-background-fetch.git",
      "state" : {
        "revision" : "185ebdd684eac1796829db8bd61168f650e04892",
        "version" : "4.0.5"
      }
    }
  ],
  "version" : 3
}
